github.com/atilasantos/go-greetings v0.0.1 h1:e6E2kSmTM7f4NRrGawymPUl8sFsoOgyzgik41I6rAqU=
github.com/atilasantos/go-greetings v0.0.1/go.mod h1:tiQmY9xCSZdhls0jj1a55vIog0oS65fc5NrwSMKLVyU=
github.com/atilasantos/go-greetings v0.0.2 h1:iW8DFR6y4v7/R5UqfekN/kcawG9pYCxw3H8iT6899C4=
github.com/atilasantos/go-greetings v0.0.2/go.mod h1:tiQmY9xCSZdhls0jj1a55vIog0oS65fc5NrwSMKLVyU=
